// !$*UTF8*$!
{
	archiveVersion = 1;
	classes = {
	};
	objectVersion = 50;
	objects = {

/* Begin PBXBuildFile section */
		04918EE224AD3E7400786374 /* AppDelegate.swift in Sources */ = {isa = PBXBuildFile; fileRef = 04918EE124AD3E7400786374 /* AppDelegate.swift */; };
		04918EE424AD3E7400786374 /* SceneDelegate.swift in Sources */ = {isa = PBXBuildFile; fileRef = 04918EE324AD3E7400786374 /* SceneDelegate.swift */; };
		04918EE624AD3E7400786374 /* ViewController.swift in Sources */ = {isa = PBXBuildFile; fileRef = 04918EE524AD3E7400786374 /* ViewController.swift */; };
		04918EE924AD3E7400786374 /* Main.storyboard in Resources */ = {isa = PBXBuildFile; fileRef = 04918EE724AD3E7400786374 /* Main.storyboard */; };
		04918EEB24AD3E7500786374 /* Assets.xcassets in Resources */ = {isa = PBXBuildFile; fileRef = 04918EEA24AD3E7500786374 /* Assets.xcassets */; };
		04918EEE24AD3E7500786374 /* LaunchScreen.storyboard in Resources */ = {isa = PBXBuildFile; fileRef = 04918EEC24AD3E7500786374 /* LaunchScreen.storyboard */; };
		04918EF724AD401B00786374 /* lamp_on.png in Resources */ = {isa = PBXBuildFile; fileRef = 04918EF524AD401B00786374 /* lamp_on.png */; };
		04918EF824AD401B00786374 /* lamp_off.png in Resources */ = {isa = PBXBuildFile; fileRef = 04918EF624AD401B00786374 /* lamp_off.png */; };
		04918EFA24AD407000786374 /* ImageViewController.swift in Sources */ = {isa = PBXBuildFile; fileRef = 04918EF924AD407000786374 /* ImageViewController.swift */; };
		04918EFC24AD459600786374 /* DateViewController.swift in Sources */ = {isa = PBXBuildFile; fileRef = 04918EFB24AD459600786374 /* DateViewController.swift */; };
		04918EFE24AD47BC00786374 /* File.png in Resources */ = {isa = PBXBuildFile; fileRef = 04918EFD24AD47BC00786374 /* File.png */; };
/* End PBXBuildFile section */

/* Begin PBXFileReference section */
		04918EDE24AD3E7400786374 /* Tab.app */ = {isa = PBXFileReference; explicitFileType = wrapper.application; includeInIndex = 0; path = Tab.app; sourceTree = BUILT_PRODUCTS_DIR; };
		04918EE124AD3E7400786374 /* AppDelegate.swift */ = {isa = PBXFileReference; lastKnownFileType = sourcecode.swift; path = AppDelegate.swift; sourceTree = "<group>"; };
		04918EE324AD3E7400786374 /* SceneDelegate.swift */ = {isa = PBXFileReference; lastKnownFileType = sourcecode.swift; path = SceneDelegate.swift; sourceTree = "<group>"; };
		04918EE524AD3E7400786374 /* ViewController.swift */ = {isa = PBXFileReference; lastKnownFileType = sourcecode.swift; path = ViewController.swift; sourceTree = "<group>"; };
		04918EE824AD3E7400786374 /* Base */ = {isa = PBXFileReference; lastKnownFileType = file.storyboard; name = Base; path = Base.lproj/Main.storyboard; sourceTree = "<group>"; };
		04918EEA24AD3E7500786374 /* Assets.xcassets */ = {isa = PBXFileReference; lastKnownFileType = folder.assetcatalog; path = Assets.xcassets; sourceTree = "<group>"; };
		04918EED24AD3E7500786374 /* Base */ = {isa = PBXFileReference; lastKnownFileType = file.storyboard; name = Base; path = Base.lproj/LaunchScreen.storyboard; sourceTree = "<group>"; };
		04918EEF24AD3E7500786374 /* Info.plist */ = {isa = PBXFileReference; lastKnownFileType = text.plist.xml; path = Info.plist; sourceTree = "<group>"; };
		04918EF524AD401B00786374 /* lamp_on.png */ = {isa = PBXFileReference; lastKnownFileType = image.png; path = lamp_on.png; sourceTree = "<group>"; };
		04918EF624AD401B00786374 /* lamp_off.png */ = {isa = PBXFileReference; lastKnownFileType = image.png; path = lamp_off.png; sourceTree = "<group>"; };
		04918EF924AD407000786374 /* ImageViewController.swift */ = {isa = PBXFileReference; fileEncoding = 4; lastKnownFileType = sourcecode.swift; name = ImageViewController.swift; path = ../../ImageView/ImageView/ImageViewController.swift; sourceTree = "<group>"; };
		04918EFB24AD459600786374 /* DateViewController.swift */ = {isa = PBXFileReference; fileEncoding = 4; lastKnownFileType = sourcecode.swift; name = DateViewController.swift; path = ../../DatePicker/DatePicker/DateViewController.swift; sourceTree = "<group>"; };
		04918EFD24AD47BC00786374 /* File.png */ = {isa = PBXFileReference; lastKnownFileType = image.png; path = File.png; sourceTree = "<group>"; };
/* End PBXFileReference section */

/* Begin PBXFrameworksBuildPhase section */
		04918EDB24AD3E7400786374 /* Frameworks */ = {
			isa = PBXFrameworksBuildPhase;
			buildActionMask = 2147483647;
			files = (
			);
			runOnlyForDeploymentPostprocessing = 0;
		};
/* End PBXFrameworksBuildPhase section */

/* Begin PBXGroup section */
		04918ED524AD3E7400786374 = {
			isa = PBXGroup;
			children = (
				04918EE024AD3E7400786374 /* Tab */,
				04918EDF24AD3E7400786374 /* Products */,
			);
			sourceTree = "<group>";
		};
		04918EDF24AD3E7400786374 /* Products */ = {
			isa = PBXGroup;
			children = (
				04918EDE24AD3E7400786374 /* Tab.app */,
			);
			name = Products;
			sourceTree = "<group>";
		};
		04918EE024AD3E7400786374 /* Tab */ = {
			isa = PBXGroup;
			children = (
				04918EE124AD3E7400786374 /* AppDelegate.swift */,
				04918EF924AD407000786374 /* ImageViewController.swift */,
				04918EE324AD3E7400786374 /* SceneDelegate.swift */,
				04918EF624AD401B00786374 /* lamp_off.png */,
				04918EFB24AD459600786374 /* DateViewController.swift */,
				04918EFD24AD47BC00786374 /* File.png */,
				04918EF524AD401B00786374 /* lamp_on.png */,
				04918EE524AD3E7400786374 /* ViewController.swift */,
				04918EE724AD3E7400786374 /* Main.storyboard */,
				04918EEA24AD3E7500786374 /* Assets.xcassets */,
				04918EEC24AD3E7500786374 /* LaunchScreen.storyboard */,
				04918EEF24AD3E7500786374 /* Info.plist */,
			);
			path = Tab;
			sourceTree = "<group>";
		};
/* End PBXGroup section */

/* Begin PBXNativeTarget section */
		04918EDD24AD3E7400786374 /* Tab */ = {
			isa = PBXNativeTarget;
			buildConfigurationList = 04918EF224AD3E7500786374 /* Build configuration list for PBXNativeTarget "Tab" */;
			buildPhases = (
				04918EDA24AD3E7400786374 /* Sources */,
				04918EDB24AD3E7400786374 /* Frameworks */,
				04918EDC24AD3E7400786374 /* Resources */,
			);
			buildRules = (
			);
			dependencies = (
			);
			name = Tab;
			productName = Tab;
			productReference = 04918EDE24AD3E7400786374 /* Tab.app */;
			productType = "com.apple.product-type.application";
		};
/* End PBXNativeTarget section */

/* Begin PBXProject section */
		04918ED624AD3E7400786374 /* Project object */ = {
			isa = PBXProject;
			attributes = {
				LastSwiftUpdateCheck = 1150;
				LastUpgradeCheck = 1150;
				ORGANIZATIONNAME = "서정";
				TargetAttributes = {
					04918EDD24AD3E7400786374 = {
						CreatedOnToolsVersion = 11.5;
					};
				};
			};
			buildConfigurationList = 04918ED924AD3E7400786374 /* Build configuration list for PBXProject "Tab" */;
			compatibilityVersion = "Xcode 9.3";
			developmentRegion = en;
			hasScannedForEncodings = 0;
			knownRegions = (
				en,
				Base,
			);
			mainGroup = 04918ED524AD3E7400786374;
			productRefGroup = 04918EDF24AD3E7400786374 /* Products */;
			projectDirPath = "";
			projectRoot = "";
			targets = (
				04918EDD24AD3E7400786374 /* Tab */,
			);
		};
/* End PBXProject section */

/* Begin PBXResourcesBuildPhase section */
		04918EDC24AD3E7400786374 /* Resources */ = {
			isa = PBXResourcesBuildPhase;
			buildActionMask = 2147483647;
			files = (
				04918EF724AD401B00786374 /* lamp_on.png in Resources */,
				04918EEE24AD3E7500786374 /* LaunchScreen.storyboard in Resources */,
				04918EF824AD401B00786374 /* lamp_off.png in Resources */,
				04918EFE24AD47BC00786374 /* File.png in Resources */,
				04918EEB24AD3E7500786374 /* Assets.xcassets in Resources */,
				04918EE924AD3E7400786374 /* Main.storyboard in Resources */,
			);
			runOnlyForDeploymentPostprocessing = 0;
		};
/* End PBXResourcesBuildPhase section */

/* Begin PBXSourcesBuildPhase section */
		04918EDA24AD3E7400786374 /* Sources */ = {
			isa = PBXSourcesBuildPhase;
			buildActionMask = 2147483647;
			files = (
				04918EFC24AD459600786374 /* DateViewController.swift in Sources */,
				04918EE624AD3E7400786374 /* ViewController.swift in Sources */,
				04918EE224AD3E7400786374 /* AppDelegate.swift in Sources */,
				04918EFA24AD407000786374 /* ImageViewController.swift in Sources */,
				04918EE424AD3E7400786374 /* SceneDelegate.swift in Sources */,
			);
			runOnlyForDeploymentPostprocessing = 0;
		};
/* End PBXSourcesBuildPhase section */

/* Begin PBXVariantGroup section */
		04918EE724AD3E7400786374 /* Main.storyboard */ = {
			isa = PBXVariantGroup;
			children = (
				04918EE824AD3E7400786374 /* Base */,
			);
			name = Main.storyboard;
			sourceTree = "<group>";
		};
		04918EEC24AD3E7500786374 /* LaunchScreen.storyboard */ = {
			isa = PBXVariantGroup;
			children = (
				04918EED24AD3E7500786374 /* Base */,
			);
			name = LaunchScreen.storyboard;
			sourceTree = "<group>";
		};
/* End PBXVariantGroup section */

/* Begin XCBuildConfiguration section */
		04918EF024AD3E7500786374 /* Debug */ = {
			isa = XCBuildConfiguration;
			buildSettings = {
				ALWAYS_SEARCH_USER_PATHS = NO;
				CLANG_ANALYZER_NONNULL = YES;
				CLANG_ANALYZER_NUMBER_OBJECT_CONVERSION = YES_AGGRESSIVE;
				CLANG_CXX_LANGUAGE_STANDARD = "gnu++14";
				CLANG_CXX_LIBRARY = "libc++";
				CLANG_ENABLE_MODULES = YES;
				CLANG_ENABLE_OBJC_ARC = YES;
				CLANG_ENABLE_OBJC_WEAK = YES;
				CLANG_WARN_BLOCK_CAPTURE_AUTORELEASING = YES;
				CLANG_WARN_BOOL_CONVERSION = YES;
				CLANG_WARN_COMMA = YES;
				CLANG_WARN_CONSTANT_CONVERSION = YES;
				CLANG_WARN_DEPRECATED_OBJC_IMPLEMENTATIONS = YES;
				CLANG_WARN_DIRECT_OBJC_ISA_USAGE = YES_ERROR;
				CLANG_WARN_DOCUMENTATION_COMMENTS = YES;
				CLANG_WARN_EMPTY_BODY = YES;
				CLANG_WARN_ENUM_CONVERSION = YES;
				CLANG_WARN_INFINITE_RECURSION = YES;
				CLANG_WARN_INT_CONVERSION = YES;
				CLANG_WARN_NON_LITERAL_NULL_CONVERSION = YES;
				CLANG_WARN_OBJC_IMPLICIT_RETAIN_SELF = YES;
				CLANG_WARN_OBJC_LITERAL_CONVERSION = YES;
				CLANG_WARN_OBJC_ROOT_CLASS = YES_ERROR;
				CLANG_WARN_RANGE_LOOP_ANALYSIS = YES;
				CLANG_WARN_STRICT_PROTOTYPES = YES;
				CLANG_WARN_SUSPICIOUS_MOVE = YES;
				CLANG_WARN_UNGUARDED_AVAILABILITY = YES_AGGRESSIVE;
				CLANG_WARN_UNREACHABLE_CODE = YES;
				CLANG_WARN__DUPLICATE_METHOD_MATCH = YES;
				COPY_PHASE_STRIP = NO;
				DEBUG_INFORMATION_FORMAT = dwarf;
				ENABLE_STRICT_OBJC_MSGSEND = YES;
				ENABLE_TESTABILITY = YES;
				GCC_C_LANGUAGE_STANDARD = gnu11;
				GCC_DYNAMIC_NO_PIC = NO;
				GCC_NO_COMMON_BLOCKS = YES;
				GCC_OPTIMIZATION_LEVEL = 0;
				GCC_PREPROCESSOR_DEFINITIONS = (
					"DEBUG=1",
					"$(inherited)",
				);
				GCC_WARN_64_TO_32_BIT_CONVERSION = YES;
				GCC_WARN_ABOUT_RETURN_TYPE = YES_ERROR;
				GCC_WARN_UNDECLARED_SELECTOR = YES;
				GCC_WARN_UNINITIALIZED_AUTOS = YES_AGGRESSIVE;
				GCC_WARN_UNUSED_FUNCTION = YES;
				GCC_WARN_UNUSED_VARIABLE = YES;
				IPHONEOS_DEPLOYMENT_TARGET = 13.5;
				MTL_ENABLE_DEBUG_INFO = INCLUDE_SOURCE;
				MTL_FAST_MATH = YES;
				ONLY_ACTIVE_ARCH = YES;
				SDKROOT = iphoneos;
				SWIFT_ACTIVE_COMPILATION_CONDITIONS = DEBUG;
				SWIFT_OPTIMIZATION_LEVEL = "-Onone";
			};
			name = Debug;
		};
		04918EF124AD3E7500786374 /* Release */ = {
			isa = XCBuildConfiguration;
			buildSettings = {
				ALWAYS_SEARCH_USER_PATHS = NO;
				CLANG_ANALYZER_NONNULL = YES;
				CLANG_ANALYZER_NUMBER_OBJECT_CONVERSION = YES_AGGRESSIVE;
				CLANG_CXX_LANGUAGE_STANDARD = "gnu++14";
				CLANG_CXX_LIBRARY = "libc++";
				CLANG_ENABLE_MODULES = YES;
				CLANG_ENABLE_OBJC_ARC = YES;
				CLANG_ENABLE_OBJC_WEAK = YES;
				CLANG_WARN_BLOCK_CAPTURE_AUTORELEASING = YES;
				CLANG_WARN_BOOL_CONVERSION = YES;
				CLANG_WARN_COMMA = YES;
				CLANG_WARN_CONSTANT_CONVERSION = YES;
				CLANG_WARN_DEPRECATED_OBJC_IMPLEMENTATIONS = YES;
				CLANG_WARN_DIRECT_OBJC_ISA_USAGE = YES_ERROR;
				CLANG_WARN_DOCUMENTATION_COMMENTS = YES;
				CLANG_WARN_EMPTY_BODY = YES;
				CLANG_WARN_ENUM_CONVERSION = YES;
				CLANG_WARN_INFINITE_RECURSION = YES;
				CLANG_WARN_INT_CONVERSION = YES;
				CLANG_WARN_NON_LITERAL_NULL_CONVERSION = YES;
				CLANG_WARN_OBJC_IMPLICIT_RETAIN_SELF = YES;
				CLANG_WARN_OBJC_LITERAL_CONVERSION = YES;
				CLANG_WARN_OBJC_ROOT_CLASS = YES_ERROR;
				CLANG_WARN_RANGE_LOOP_ANALYSIS = YES;
				CLANG_WARN_STRICT_PROTOTYPES = YES;
				CLANG_WARN_SUSPICIOUS_MOVE = YES;
				CLANG_WARN_UNGUARDED_AVAILABILITY = YES_AGGRESSIVE;
				CLANG_WARN_UNREACHABLE_CODE = YES;
				CLANG_WARN__DUPLICATE_METHOD_MATCH = YES;
				COPY_PHASE_STRIP = NO;
				DEBUG_INFORMATION_FORMAT = "dwarf-with-dsym";
				ENABLE_NS_ASSERTIONS = NO;
				ENABLE_STRICT_OBJC_MSGSEND = YES;
				GCC_C_LANGUAGE_STANDARD = gnu11;
				GCC_NO_COMMON_BLOCKS = YES;
				GCC_WARN_64_TO_32_BIT_CONVERSION = YES;
				GCC_WARN_ABOUT_RETURN_TYPE = YES_ERROR;
				GCC_WARN_UNDECLARED_SELECTOR = YES;
				GCC_WARN_UNINITIALIZED_AUTOS = YES_AGGRESSIVE;
				GCC_WARN_UNUSED_FUNCTION = YES;
				GCC_WARN_UNUSED_VARIABLE = YES;
				IPHONEOS_DEPLOYMENT_TARGET = 13.5;
				MTL_ENABLE_DEBUG_INFO = NO;
				MTL_FAST_MATH = YES;
				SDKROOT = iphoneos;
				SWIFT_COMPILATION_MODE = wholemodule;
				SWIFT_OPTIMIZATION_LEVEL = "-O";
				VALIDATE_PRODUCT = YES;
			};
			name = Release;
		};
		04918EF324AD3E7500786374 /* Debug */ = {
			isa = XCBuildConfiguration;
			buildSettings = {
				ASSETCATALOG_COMPILER_APPICON_NAME = AppIcon;
				CODE_SIGN_STYLE = Automatic;
				INFOPLIST_FILE = Tab/Info.plist;
				LD_RUNPATH_SEARCH_PATHS = (
					"$(inherited)",
					"@executable_path/Frameworks",
				);
				PRODUCT_BUNDLE_IDENTIFIER = com.yourcompany.Tab;
				PRODUCT_NAME = "$(TARGET_NAME)";
				SWIFT_VERSION = 5.0;
				TARGETED_DEVICE_FAMILY = "1,2";
			};
			name = Debug;
		};
		04918EF424AD3E7500786374 /* Release */ = {
			isa = XCBuildConfiguration;
			buildSettings = {
				ASSETCATALOG_COMPILER_APPICON_NAME = AppIcon;
				CODE_SIGN_STYLE = Automatic;
				INFOPLIST_FILE = Tab/Info.plist;
				LD_RUNPATH_SEARCH_PATHS = (
					"$(inherited)",
					"@executable_path/Frameworks",
				);
				PRODUCT_BUNDLE_IDENTIFIER = com.yourcompany.Tab;
				PRODUCT_NAME = "$(TARGET_NAME)";
				SWIFT_VERSION = 5.0;
				TARGETED_DEVICE_FAMILY = "1,2";
			};
			name = Release;
		};
/* End XCBuildConfiguration section */

/* Begin XCConfigurationList section */
		04918ED924AD3E7400786374 /* Build configuration list for PBXProject "Tab" */ = {
			isa = XCConfigurationList;
			buildConfigurations = (
				04918EF024AD3E7500786374 /* Debug */,
				04918EF124AD3E7500786374 /* Release */,
			);
			defaultConfigurationIsVisible = 0;
			defaultConfigurationName = Release;
		};
		04918EF224AD3E7500786374 /* Build configuration list for PBXNativeTarget "Tab" */ = {
			isa = XCConfigurationList;
			buildConfigurations = (
				04918EF324AD3E7500786374 /* Debug */,
				04918EF424AD3E7500786374 /* Release */,
			);
			defaultConfigurationIsVisible = 0;
			defaultConfigurationName = Release;
		};
/* End XCConfigurationList section */
	};
	rootObject = 04918ED624AD3E7400786374 /* Project object */;
}
